
Microsoft Visual Studio Solution File, Format Version 12.00
# Visual Studio Version 17
VisualStudioVersion = 17.5.33516.290
MinimumVisualStudioVersion = 10.0.40219.1
Project("{FAE04EC0-301F-11D3-BF4B-00C04F79EFBC}") = "YTSharp.API", "YTSharp.API\YTSharp.API.csproj", "{2EAEFA45-57CD-4955-A4E7-E16620E9F196}"
EndProject
Project("{FAE04EC0-301F-11D3-BF4B-00C04F79EFBC}") = "YTSharp.Business", "YTSharp.Business\YTSharp.Business.csproj", "{E816A6DF-18DF-4666-BCAC-5F5DDC2B6C31}"
EndProject
Project("{FAE04EC0-301F-11D3-BF4B-00C04F79EFBC}") = "YTSharp.Data", "YTSharp.Data\YTSharp.Data.csproj", "{9E4214D2-8FE1-4114-B0CB-B62C3681F06E}"
EndProject
Global
	GlobalSection(SolutionConfigurationPlatforms) = preSolution
		Debug|Any CPU = Debug|Any CPU
		Release|Any CPU = Release|Any CPU
	EndGlobalSection
	GlobalSection(ProjectConfigurationPlatforms) = postSolution
		{2EAEFA45-57CD-4955-A4E7-E16620E9F196}.Debug|Any CPU.ActiveCfg = Debug|Any CPU
		{2EAEFA45-57CD-4955-A4E7-E16620E9F196}.Debug|Any CPU.Build.0 = Debug|Any CPU
		{2EAEFA45-57CD-4955-A4E7-E16620E9F196}.Release|Any CPU.ActiveCfg = Release|Any CPU
		{2EAEFA45-57CD-4955-A4E7-E16620E9F196}.Release|Any CPU.Build.0 = Release|Any CPU
		{E816A6DF-18DF-4666-BCAC-5F5DDC2B6C31}.Debug|Any CPU.ActiveCfg = Debug|Any CPU
		{E816A6DF-18DF-4666-BCAC-5F5DDC2B6C31}.Debug|Any CPU.Build.0 = Debug|Any CPU
		{E816A6DF-18DF-4666-BCAC-5F5DDC2B6C31}.Release|Any CPU.ActiveCfg = Release|Any CPU
		{E816A6DF-18DF-4666-BCAC-5F5DDC2B6C31}.Release|Any CPU.Build.0 = Release|Any CPU
		{9E4214D2-8FE1-4114-B0CB-B62C3681F06E}.Debug|Any CPU.ActiveCfg = Debug|Any CPU
		{9E4214D2-8FE1-4114-B0CB-B62C3681F06E}.Debug|Any CPU.Build.0 = Debug|Any CPU
		{9E4214D2-8FE1-4114-B0CB-B62C3681F06E}.Release|Any CPU.ActiveCfg = Release|Any CPU
		{9E4214D2-8FE1-4114-B0CB-B62C3681F06E}.Release|Any CPU.Build.0 = Release|Any CPU
	EndGlobalSection
	GlobalSection(SolutionProperties) = preSolution
		HideSolutionNode = FALSE
	EndGlobalSection
	GlobalSection(ExtensibilityGlobals) = postSolution
		SolutionGuid = {AA5A44FC-B025-4AD7-8C8A-5191D57C6A30}
	EndGlobalSection
EndGlobal
